
Microsoft Visual Studio Solution File, Format Version 12.00
# Visual Studio Version 17
VisualStudioVersion = 17.3.32922.545
MinimumVisualStudioVersion = 10.0.40219.1
Project("{FAE04EC0-301F-11D3-BF4B-00C04F79EFBC}") = "пианииининининининно", "пианииининининининно\пианииининининининно.csproj", "{533335E0-83A0-4303-903F-CA3842536C44}"
EndProject
Global
	GlobalSection(SolutionConfigurationPlatforms) = preSolution
		Debug|Any CPU = Debug|Any CPU
		Release|Any CPU = Release|Any CPU
	EndGlobalSection
	GlobalSection(ProjectConfigurationPlatforms) = postSolution
		{533335E0-83A0-4303-903F-CA3842536C44}.Debug|Any CPU.ActiveCfg = Debug|Any CPU
		{533335E0-83A0-4303-903F-CA3842536C44}.Debug|Any CPU.Build.0 = Debug|Any CPU
		{533335E0-83A0-4303-903F-CA3842536C44}.Release|Any CPU.ActiveCfg = Release|Any CPU
		{533335E0-83A0-4303-903F-CA3842536C44}.Release|Any CPU.Build.0 = Release|Any CPU
	EndGlobalSection
	GlobalSection(SolutionProperties) = preSolution
		HideSolutionNode = FALSE
	EndGlobalSection
	GlobalSection(ExtensibilityGlobals) = postSolution
		SolutionGuid = {A38DA6DA-9AE6-48FE-823D-F6ED544F8456}
	EndGlobalSection
EndGlobal
